
Microsoft Visual Studio Solution File, Format Version 12.00
# Visual Studio Version 17
VisualStudioVersion = 17.12.35707.178
MinimumVisualStudioVersion = 10.0.40219.1
Project("{FAE04EC0-301F-11D3-BF4B-00C04F79EFBC}") = "MineSweeperGame", "MineSweeperGame.csproj", "{5D6E2F00-AFE3-4A6D-80E5-0155C97922C0}"
EndProject
Project("{FAE04EC0-301F-11D3-BF4B-00C04F79EFBC}") = "MineSweeperGameUnitTest", "..\MineSweeperGameUnitTest\MineSweeperGameUnitTest.csproj", "{6596329C-0272-432A-BDDE-FE003D4FC3BB}"
EndProject
Global
	GlobalSection(SolutionConfigurationPlatforms) = preSolution
		Debug|Any CPU = Debug|Any CPU
		Release|Any CPU = Release|Any CPU
	EndGlobalSection
	GlobalSection(ProjectConfigurationPlatforms) = postSolution
		{5D6E2F00-AFE3-4A6D-80E5-0155C97922C0}.Debug|Any CPU.ActiveCfg = Debug|Any CPU
		{5D6E2F00-AFE3-4A6D-80E5-0155C97922C0}.Debug|Any CPU.Build.0 = Debug|Any CPU
		{5D6E2F00-AFE3-4A6D-80E5-0155C97922C0}.Release|Any CPU.ActiveCfg = Release|Any CPU
		{5D6E2F00-AFE3-4A6D-80E5-0155C97922C0}.Release|Any CPU.Build.0 = Release|Any CPU
		{6596329C-0272-432A-BDDE-FE003D4FC3BB}.Debug|Any CPU.ActiveCfg = Debug|Any CPU
		{6596329C-0272-432A-BDDE-FE003D4FC3BB}.Debug|Any CPU.Build.0 = Debug|Any CPU
		{6596329C-0272-432A-BDDE-FE003D4FC3BB}.Release|Any CPU.ActiveCfg = Release|Any CPU
		{6596329C-0272-432A-BDDE-FE003D4FC3BB}.Release|Any CPU.Build.0 = Release|Any CPU
	EndGlobalSection
	GlobalSection(SolutionProperties) = preSolution
		HideSolutionNode = FALSE
	EndGlobalSection
EndGlobal
